// !$*UTF8*$!
{
	archiveVersion = 1;
	classes = {
	};
	objectVersion = 46;
	objects = {

/* Begin PBXBuildFile section */
		1E85ACE2190AA34700939748 /* Foundation.framework in Frameworks */ = {isa = PBXBuildFile; fileRef = 1E85ACE1190AA34700939748 /* Foundation.framework */; };
		1E85ACE4190AA34700939748 /* CoreGraphics.framework in Frameworks */ = {isa = PBXBuildFile; fileRef = 1E85ACE3190AA34700939748 /* CoreGraphics.framework */; };
		1E85ACE6190AA34700939748 /* UIKit.framework in Frameworks */ = {isa = PBXBuildFile; fileRef = 1E85ACE5190AA34700939748 /* UIKit.framework */; };
		1E85ACEC190AA34700939748 /* InfoPlist.strings in Resources */ = {isa = PBXBuildFile; fileRef = 1E85ACEA190AA34700939748 /* InfoPlist.strings */; };
		1E85ACEE190AA34700939748 /* main.m in Sources */ = {isa = PBXBuildFile; fileRef = 1E85ACED190AA34700939748 /* main.m */; };
		1E85ACF2190AA34700939748 /* AppDelegate.m in Sources */ = {isa = PBXBuildFile; fileRef = 1E85ACF1190AA34700939748 /* AppDelegate.m */; };
		1E85ACF5190AA34700939748 /* Main.storyboard in Resources */ = {isa = PBXBuildFile; fileRef = 1E85ACF3190AA34700939748 /* Main.storyboard */; };
		1E85ACF8190AA34700939748 /* ViewController.m in Sources */ = {isa = PBXBuildFile; fileRef = 1E85ACF7190AA34700939748 /* ViewController.m */; };
		1E85ACFA190AA34700939748 /* Images.xcassets in Resources */ = {isa = PBXBuildFile; fileRef = 1E85ACF9190AA34700939748 /* Images.xcassets */; };
		1E85AD01190AA34700939748 /* XCTest.framework in Frameworks */ = {isa = PBXBuildFile; fileRef = 1E85AD00190AA34700939748 /* XCTest.framework */; };
		1E85AD02190AA34700939748 /* Foundation.framework in Frameworks */ = {isa = PBXBuildFile; fileRef = 1E85ACE1190AA34700939748 /* Foundation.framework */; };
		1E85AD03190AA34700939748 /* UIKit.framework in Frameworks */ = {isa = PBXBuildFile; fileRef = 1E85ACE5190AA34700939748 /* UIKit.framework */; };
		1E85AD0B190AA34700939748 /* InfoPlist.strings in Resources */ = {isa = PBXBuildFile; fileRef = 1E85AD09190AA34700939748 /* InfoPlist.strings */; };
		1E85AD0D190AA34700939748 /* iOS_FtoCTests.m in Sources */ = {isa = PBXBuildFile; fileRef = 1E85AD0C190AA34700939748 /* iOS_FtoCTests.m */; };
		1E85AD17190AA93600939748 /* RtoL-Button.png in Resources */ = {isa = PBXBuildFile; fileRef = 1E85AD16190AA93600939748 /* RtoL-Button.png */; };
		1E85AD19190AA94200939748 /* LtoR-Button.png in Resources */ = {isa = PBXBuildFile; fileRef = 1E85AD18190AA94200939748 /* LtoR-Button.png */; };
		1E85AD23190B8F6F00939748 /* iOSbackground.png in Resources */ = {isa = PBXBuildFile; fileRef = 1E85AD22190B8F6F00939748 /* iOSbackground.png */; };
		1E85AD29190CED6200939748 /* penguin.png in Resources */ = {isa = PBXBuildFile; fileRef = 1E85AD28190CED6200939748 /* penguin.png */; };
		1E85AD2B190CF25200939748 /* desert.png in Resources */ = {isa = PBXBuildFile; fileRef = 1E85AD2A190CF25200939748 /* desert.png */; };
		1E85AD2D190CF51E00939748 /* fallColors.png in Resources */ = {isa = PBXBuildFile; fileRef = 1E85AD2C190CF51E00939748 /* fallColors.png */; };
		1E85AD2F190CF68000939748 /* biking.png in Resources */ = {isa = PBXBuildFile; fileRef = 1E85AD2E190CF68000939748 /* biking.png */; };
		1E85AD31190CF7C600939748 /* onTheBeach.png in Resources */ = {isa = PBXBuildFile; fileRef = 1E85AD30190CF7C600939748 /* onTheBeach.png */; };
		1E85AD33190CFA2F00939748 /* iceCream.png in Resources */ = {isa = PBXBuildFile; fileRef = 1E85AD32190CFA2F00939748 /* iceCream.png */; };
/* End PBXBuildFile section */

/* Begin PBXContainerItemProxy section */
		1E85AD04190AA34700939748 /* PBXContainerItemProxy */ = {
			isa = PBXContainerItemProxy;
			containerPortal = 1E85ACD6190AA34700939748 /* Project object */;
			proxyType = 1;
			remoteGlobalIDString = 1E85ACDD190AA34700939748;
			remoteInfo = "iOS-FtoC";
		};
/* End PBXContainerItemProxy section */

/* Begin PBXFileReference section */
		1E85ACDE190AA34700939748 /* iOS-FtoC.app */ = {isa = PBXFileReference; explicitFileType = wrapper.application; includeInIndex = 0; path = "iOS-FtoC.app"; sourceTree = BUILT_PRODUCTS_DIR; };
		1E85ACE1190AA34700939748 /* Foundation.framework */ = {isa = PBXFileReference; lastKnownFileType = wrapper.framework; name = Foundation.framework; path = System/Library/Frameworks/Foundation.framework; sourceTree = SDKROOT; };
		1E85ACE3190AA34700939748 /* CoreGraphics.framework */ = {isa = PBXFileReference; lastKnownFileType = wrapper.framework; name = CoreGraphics.framework; path = System/Library/Frameworks/CoreGraphics.framework; sourceTree = SDKROOT; };
		1E85ACE5190AA34700939748 /* UIKit.framework */ = {isa = PBXFileReference; lastKnownFileType = wrapper.framework; name = UIKit.framework; path = System/Library/Frameworks/UIKit.framework; sourceTree = SDKROOT; };
		1E85ACE9190AA34700939748 /* iOS-FtoC-Info.plist */ = {isa = PBXFileReference; lastKnownFileType = text.plist.xml; path = "iOS-FtoC-Info.plist"; sourceTree = "<group>"; };
		1E85ACEB190AA34700939748 /* en */ = {isa = PBXFileReference; lastKnownFileType = text.plist.strings; name = en; path = en.lproj/InfoPlist.strings; sourceTree = "<group>"; };
		1E85ACED190AA34700939748 /* main.m */ = {isa = PBXFileReference; lastKnownFileType = sourcecode.c.objc; path = main.m; sourceTree = "<group>"; };
		1E85ACEF190AA34700939748 /* iOS-FtoC-Prefix.pch */ = {isa = PBXFileReference; lastKnownFileType = sourcecode.c.h; path = "iOS-FtoC-Prefix.pch"; sourceTree = "<group>"; };
		1E85ACF0190AA34700939748 /* AppDelegate.h */ = {isa = PBXFileReference; lastKnownFileType = sourcecode.c.h; path = AppDelegate.h; sourceTree = "<group>"; };
		1E85ACF1190AA34700939748 /* AppDelegate.m */ = {isa = PBXFileReference; lastKnownFileType = sourcecode.c.objc; path = AppDelegate.m; sourceTree = "<group>"; };
		1E85ACF4190AA34700939748 /* Base */ = {isa = PBXFileReference; lastKnownFileType = file.storyboard; name = Base; path = Base.lproj/Main.storyboard; sourceTree = "<group>"; };
		1E85ACF6190AA34700939748 /* ViewController.h */ = {isa = PBXFileReference; lastKnownFileType = sourcecode.c.h; path = ViewController.h; sourceTree = "<group>"; };
		1E85ACF7190AA34700939748 /* ViewController.m */ = {isa = PBXFileReference; lastKnownFileType = sourcecode.c.objc; path = ViewController.m; sourceTree = "<group>"; };
		1E85ACF9190AA34700939748 /* Images.xcassets */ = {isa = PBXFileReference; lastKnownFileType = folder.assetcatalog; path = Images.xcassets; sourceTree = "<group>"; };
		1E85ACFF190AA34700939748 /* iOS-FtoCTests.xctest */ = {isa = PBXFileReference; explicitFileType = wrapper.cfbundle; includeInIndex = 0; path = "iOS-FtoCTests.xctest"; sourceTree = BUILT_PRODUCTS_DIR; };
		1E85AD00190AA34700939748 /* XCTest.framework */ = {isa = PBXFileReference; lastKnownFileType = wrapper.framework; name = XCTest.framework; path = Library/Frameworks/XCTest.framework; sourceTree = DEVELOPER_DIR; };
		1E85AD08190AA34700939748 /* iOS-FtoCTests-Info.plist */ = {isa = PBXFileReference; lastKnownFileType = text.plist.xml; path = "iOS-FtoCTests-Info.plist"; sourceTree = "<group>"; };
		1E85AD0A190AA34700939748 /* en */ = {isa = PBXFileReference; lastKnownFileType = text.plist.strings; name = en; path = en.lproj/InfoPlist.strings; sourceTree = "<group>"; };
		1E85AD0C190AA34700939748 /* iOS_FtoCTests.m */ = {isa = PBXFileReference; lastKnownFileType = sourcecode.c.objc; path = iOS_FtoCTests.m; sourceTree = "<group>"; };
		1E85AD16190AA93600939748 /* RtoL-Button.png */ = {isa = PBXFileReference; lastKnownFileType = image.png; path = "RtoL-Button.png"; sourceTree = "<group>"; };
		1E85AD18190AA94200939748 /* LtoR-Button.png */ = {isa = PBXFileReference; lastKnownFileType = image.png; path = "LtoR-Button.png"; sourceTree = "<group>"; };
		1E85AD22190B8F6F00939748 /* iOSbackground.png */ = {isa = PBXFileReference; lastKnownFileType = image.png; path = iOSbackground.png; sourceTree = "<group>"; };
		1E85AD28190CED6200939748 /* penguin.png */ = {isa = PBXFileReference; lastKnownFileType = image.png; path = penguin.png; sourceTree = "<group>"; };
		1E85AD2A190CF25200939748 /* desert.png */ = {isa = PBXFileReference; lastKnownFileType = image.png; path = desert.png; sourceTree = "<group>"; };
		1E85AD2C190CF51E00939748 /* fallColors.png */ = {isa = PBXFileReference; lastKnownFileType = image.png; path = fallColors.png; sourceTree = "<group>"; };
		1E85AD2E190CF68000939748 /* biking.png */ = {isa = PBXFileReference; lastKnownFileType = image.png; path = biking.png; sourceTree = "<group>"; };
		1E85AD30190CF7C600939748 /* onTheBeach.png */ = {isa = PBXFileReference; lastKnownFileType = image.png; path = onTheBeach.png; sourceTree = "<group>"; };
		1E85AD32190CFA2F00939748 /* iceCream.png */ = {isa = PBXFileReference; lastKnownFileType = image.png; path = iceCream.png; sourceTree = "<group>"; };
/* End PBXFileReference section */

/* Begin PBXFrameworksBuildPhase section */
		1E85ACDB190AA34700939748 /* Frameworks */ = {
			isa = PBXFrameworksBuildPhase;
			buildActionMask = 2147483647;
			files = (
				1E85ACE4190AA34700939748 /* CoreGraphics.framework in Frameworks */,
				1E85ACE6190AA34700939748 /* UIKit.framework in Frameworks */,
				1E85ACE2190AA34700939748 /* Foundation.framework in Frameworks */,
			);
			runOnlyForDeploymentPostprocessing = 0;
		};
		1E85ACFC190AA34700939748 /* Frameworks */ = {
			isa = PBXFrameworksBuildPhase;
			buildActionMask = 2147483647;
			files = (
				1E85AD01190AA34700939748 /* XCTest.framework in Frameworks */,
				1E85AD03190AA34700939748 /* UIKit.framework in Frameworks */,
				1E85AD02190AA34700939748 /* Foundation.framework in Frameworks */,
			);
			runOnlyForDeploymentPostprocessing = 0;
		};
/* End PBXFrameworksBuildPhase section */

/* Begin PBXGroup section */
		1E85ACD5190AA34700939748 = {
			isa = PBXGroup;
			children = (
				1E85AD22190B8F6F00939748 /* iOSbackground.png */,
				1E85ACE7190AA34700939748 /* iOS-FtoC */,
				1E85AD06190AA34700939748 /* iOS-FtoCTests */,
				1E85ACE0190AA34700939748 /* Frameworks */,
				1E85ACDF190AA34700939748 /* Products */,
			);
			sourceTree = "<group>";
		};
		1E85ACDF190AA34700939748 /* Products */ = {
			isa = PBXGroup;
			children = (
				1E85ACDE190AA34700939748 /* iOS-FtoC.app */,
				1E85ACFF190AA34700939748 /* iOS-FtoCTests.xctest */,
			);
			name = Products;
			sourceTree = "<group>";
		};
		1E85ACE0190AA34700939748 /* Frameworks */ = {
			isa = PBXGroup;
			children = (
				1E85ACE1190AA34700939748 /* Foundation.framework */,
				1E85ACE3190AA34700939748 /* CoreGraphics.framework */,
				1E85ACE5190AA34700939748 /* UIKit.framework */,
				1E85AD00190AA34700939748 /* XCTest.framework */,
			);
			name = Frameworks;
			sourceTree = "<group>";
		};
		1E85ACE7190AA34700939748 /* iOS-FtoC */ = {
			isa = PBXGroup;
			children = (
				1E85ACF0190AA34700939748 /* AppDelegate.h */,
				1E85ACF1190AA34700939748 /* AppDelegate.m */,
				1E85ACF3190AA34700939748 /* Main.storyboard */,
				1E85ACF6190AA34700939748 /* ViewController.h */,
				1E85ACF7190AA34700939748 /* ViewController.m */,
				1E85ACF9190AA34700939748 /* Images.xcassets */,
				1E85ACE8190AA34700939748 /* Supporting Files */,
			);
			path = "iOS-FtoC";
			sourceTree = "<group>";
		};
		1E85ACE8190AA34700939748 /* Supporting Files */ = {
			isa = PBXGroup;
			children = (
				1E85AD32190CFA2F00939748 /* iceCream.png */,
				1E85AD30190CF7C600939748 /* onTheBeach.png */,
				1E85AD2E190CF68000939748 /* biking.png */,
				1E85AD2C190CF51E00939748 /* fallColors.png */,
				1E85AD2A190CF25200939748 /* desert.png */,
				1E85AD28190CED6200939748 /* penguin.png */,
				1E85AD18190AA94200939748 /* LtoR-Button.png */,
				1E85AD16190AA93600939748 /* RtoL-Button.png */,
				1E85ACE9190AA34700939748 /* iOS-FtoC-Info.plist */,
				1E85ACEA190AA34700939748 /* InfoPlist.strings */,
				1E85ACED190AA34700939748 /* main.m */,
				1E85ACEF190AA34700939748 /* iOS-FtoC-Prefix.pch */,
			);
			name = "Supporting Files";
			sourceTree = "<group>";
		};
		1E85AD06190AA34700939748 /* iOS-FtoCTests */ = {
			isa = PBXGroup;
			children = (
				1E85AD0C190AA34700939748 /* iOS_FtoCTests.m */,
				1E85AD07190AA34700939748 /* Supporting Files */,
			);
			path = "iOS-FtoCTests";
			sourceTree = "<group>";
		};
		1E85AD07190AA34700939748 /* Supporting Files */ = {
			isa = PBXGroup;
			children = (
				1E85AD08190AA34700939748 /* iOS-FtoCTests-Info.plist */,
				1E85AD09190AA34700939748 /* InfoPlist.strings */,
			);
			name = "Supporting Files";
			sourceTree = "<group>";
		};
/* End PBXGroup section */

/* Begin PBXNativeTarget section */
		1E85ACDD190AA34700939748 /* iOS-FtoC */ = {
			isa = PBXNativeTarget;
			buildConfigurationList = 1E85AD10190AA34700939748 /* Build configuration list for PBXNativeTarget "iOS-FtoC" */;
			buildPhases = (
				1E85ACDA190AA34700939748 /* Sources */,
				1E85ACDB190AA34700939748 /* Frameworks */,
				1E85ACDC190AA34700939748 /* Resources */,
			);
			buildRules = (
			);
			dependencies = (
			);
			name = "iOS-FtoC";
			productName = "iOS-FtoC";
			productReference = 1E85ACDE190AA34700939748 /* iOS-FtoC.app */;
			productType = "com.apple.product-type.application";
		};
		1E85ACFE190AA34700939748 /* iOS-FtoCTests */ = {
			isa = PBXNativeTarget;
			buildConfigurationList = 1E85AD13190AA34700939748 /* Build configuration list for PBXNativeTarget "iOS-FtoCTests" */;
			buildPhases = (
				1E85ACFB190AA34700939748 /* Sources */,
				1E85ACFC190AA34700939748 /* Frameworks */,
				1E85ACFD190AA34700939748 /* Resources */,
			);
			buildRules = (
			);
			dependencies = (
				1E85AD05190AA34700939748 /* PBXTargetDependency */,
			);
			name = "iOS-FtoCTests";
			productName = "iOS-FtoCTests";
			productReference = 1E85ACFF190AA34700939748 /* iOS-FtoCTests.xctest */;
			productType = "com.apple.product-type.bundle.unit-test";
		};
/* End PBXNativeTarget section */

/* Begin PBXProject section */
		1E85ACD6190AA34700939748 /* Project object */ = {
			isa = PBXProject;
			attributes = {
				LastUpgradeCheck = 0510;
				ORGANIZATIONNAME = XYZ;
				TargetAttributes = {
					1E85ACFE190AA34700939748 = {
						TestTargetID = 1E85ACDD190AA34700939748;
					};
				};
			};
			buildConfigurationList = 1E85ACD9190AA34700939748 /* Build configuration list for PBXProject "iOS-FtoC" */;
			compatibilityVersion = "Xcode 3.2";
			developmentRegion = English;
			hasScannedForEncodings = 0;
			knownRegions = (
				en,
				Base,
			);
			mainGroup = 1E85ACD5190AA34700939748;
			productRefGroup = 1E85ACDF190AA34700939748 /* Products */;
			projectDirPath = "";
			projectRoot = "";
			targets = (
				1E85ACDD190AA34700939748 /* iOS-FtoC */,
				1E85ACFE190AA34700939748 /* iOS-FtoCTests */,
			);
		};
/* End PBXProject section */

/* Begin PBXResourcesBuildPhase section */
		1E85ACDC190AA34700939748 /* Resources */ = {
			isa = PBXResourcesBuildPhase;
			buildActionMask = 2147483647;
			files = (
				1E85AD31190CF7C600939748 /* onTheBeach.png in Resources */,
				1E85AD29190CED6200939748 /* penguin.png in Resources */,
				1E85AD17190AA93600939748 /* RtoL-Button.png in Resources */,
				1E85ACFA190AA34700939748 /* Images.xcassets in Resources */,
				1E85AD33190CFA2F00939748 /* iceCream.png in Resources */,
				1E85AD2F190CF68000939748 /* biking.png in Resources */,
				1E85ACEC190AA34700939748 /* InfoPlist.strings in Resources */,
				1E85AD2B190CF25200939748 /* desert.png in Resources */,
				1E85ACF5190AA34700939748 /* Main.storyboard in Resources */,
				1E85AD19190AA94200939748 /* LtoR-Button.png in Resources */,
				1E85AD23190B8F6F00939748 /* iOSbackground.png in Resources */,
				1E85AD2D190CF51E00939748 /* fallColors.png in Resources */,
			);
			runOnlyForDeploymentPostprocessing = 0;
		};
		1E85ACFD190AA34700939748 /* Resources */ = {
			isa = PBXResourcesBuildPhase;
			buildActionMask = 2147483647;
			files = (
				1E85AD0B190AA34700939748 /* InfoPlist.strings in Resources */,
			);
			runOnlyForDeploymentPostprocessing = 0;
		};
/* End PBXResourcesBuildPhase section */

/* Begin PBXSourcesBuildPhase section */
		1E85ACDA190AA34700939748 /* Sources */ = {
			isa = PBXSourcesBuildPhase;
			buildActionMask = 2147483647;
			files = (
				1E85ACF8190AA34700939748 /* ViewController.m in Sources */,
				1E85ACF2190AA34700939748 /* AppDelegate.m in Sources */,
				1E85ACEE190AA34700939748 /* main.m in Sources */,
			);
			runOnlyForDeploymentPostprocessing = 0;
		};
		1E85ACFB190AA34700939748 /* Sources */ = {
			isa = PBXSourcesBuildPhase;
			buildActionMask = 2147483647;
			files = (
				1E85AD0D190AA34700939748 /* iOS_FtoCTests.m in Sources */,
			);
			runOnlyForDeploymentPostprocessing = 0;
		};
/* End PBXSourcesBuildPhase section */

/* Begin PBXTargetDependency section */
		1E85AD05190AA34700939748 /* PBXTargetDependency */ = {
			isa = PBXTargetDependency;
			target = 1E85ACDD190AA34700939748 /* iOS-FtoC */;
			targetProxy = 1E85AD04190AA34700939748 /* PBXContainerItemProxy */;
		};
/* End PBXTargetDependency section */

/* Begin PBXVariantGroup section */
		1E85ACEA190AA34700939748 /* InfoPlist.strings */ = {
			isa = PBXVariantGroup;
			children = (
				1E85ACEB190AA34700939748 /* en */,
			);
			name = InfoPlist.strings;
			sourceTree = "<group>";
		};
		1E85ACF3190AA34700939748 /* Main.storyboard */ = {
			isa = PBXVariantGroup;
			children = (
				1E85ACF4190AA34700939748 /* Base */,
			);
			name = Main.storyboard;
			sourceTree = "<group>";
		};
		1E85AD09190AA34700939748 /* InfoPlist.strings */ = {
			isa = PBXVariantGroup;
			children = (
				1E85AD0A190AA34700939748 /* en */,
			);
			name = InfoPlist.strings;
			sourceTree = "<group>";
		};
/* End PBXVariantGroup section */

/* Begin XCBuildConfiguration section */
		1E85AD0E190AA34700939748 /* Debug */ = {
			isa = XCBuildConfiguration;
			buildSettings = {
				ALWAYS_SEARCH_USER_PATHS = NO;
				CLANG_CXX_LANGUAGE_STANDARD = "gnu++0x";
				CLANG_CXX_LIBRARY = "libc++";
				CLANG_ENABLE_MODULES = YES;
				CLANG_ENABLE_OBJC_ARC = YES;
				CLANG_WARN_BOOL_CONVERSION = YES;
				CLANG_WARN_CONSTANT_CONVERSION = YES;
				CLANG_WARN_DIRECT_OBJC_ISA_USAGE = YES_ERROR;
				CLANG_WARN_EMPTY_BODY = YES;
				CLANG_WARN_ENUM_CONVERSION = YES;
				CLANG_WARN_INT_CONVERSION = YES;
				CLANG_WARN_OBJC_ROOT_CLASS = YES_ERROR;
				CLANG_WARN__DUPLICATE_METHOD_MATCH = YES;
				"CODE_SIGN_IDENTITY[sdk=iphoneos*]" = "iPhone Developer";
				COPY_PHASE_STRIP = NO;
				GCC_C_LANGUAGE_STANDARD = gnu99;
				GCC_DYNAMIC_NO_PIC = NO;
				GCC_OPTIMIZATION_LEVEL = 0;
				GCC_PREPROCESSOR_DEFINITIONS = (
					"DEBUG=1",
					"$(inherited)",
				);
				GCC_SYMBOLS_PRIVATE_EXTERN = NO;
				GCC_WARN_64_TO_32_BIT_CONVERSION = YES;
				GCC_WARN_ABOUT_RETURN_TYPE = YES_ERROR;
				GCC_WARN_UNDECLARED_SELECTOR = YES;
				GCC_WARN_UNINITIALIZED_AUTOS = YES_AGGRESSIVE;
				GCC_WARN_UNUSED_FUNCTION = YES;
				GCC_WARN_UNUSED_VARIABLE = YES;
				IPHONEOS_DEPLOYMENT_TARGET = 7.1;
				ONLY_ACTIVE_ARCH = YES;
				SDKROOT = iphoneos;
			};
			name = Debug;
		};
		1E85AD0F190AA34700939748 /* Release */ = {
			isa = XCBuildConfiguration;
			buildSettings = {
				ALWAYS_SEARCH_USER_PATHS = NO;
				CLANG_CXX_LANGUAGE_STANDARD = "gnu++0x";
				CLANG_CXX_LIBRARY = "libc++";
				CLANG_ENABLE_MODULES = YES;
				CLANG_ENABLE_OBJC_ARC = YES;
				CLANG_WARN_BOOL_CONVERSION = YES;
				CLANG_WARN_CONSTANT_CONVERSION = YES;
				CLANG_WARN_DIRECT_OBJC_ISA_USAGE = YES_ERROR;
				CLANG_WARN_EMPTY_BODY = YES;
				CLANG_WARN_ENUM_CONVERSION = YES;
				CLANG_WARN_INT_CONVERSION = YES;
				CLANG_WARN_OBJC_ROOT_CLASS = YES_ERROR;
				CLANG_WARN__DUPLICATE_METHOD_MATCH = YES;
				"CODE_SIGN_IDENTITY[sdk=iphoneos*]" = "iPhone Developer";
				COPY_PHASE_STRIP = YES;
				ENABLE_NS_ASSERTIONS = NO;
				GCC_C_LANGUAGE_STANDARD = gnu99;
				GCC_WARN_64_TO_32_BIT_CONVERSION = YES;
				GCC_WARN_ABOUT_RETURN_TYPE = YES_ERROR;
				GCC_WARN_UNDECLARED_SELECTOR = YES;
				GCC_WARN_UNINITIALIZED_AUTOS = YES_AGGRESSIVE;
				GCC_WARN_UNUSED_FUNCTION = YES;
				GCC_WARN_UNUSED_VARIABLE = YES;
				IPHONEOS_DEPLOYMENT_TARGET = 7.1;
				SDKROOT = iphoneos;
				VALIDATE_PRODUCT = YES;
			};
			name = Release;
		};
		1E85AD11190AA34700939748 /* Debug */ = {
			isa = XCBuildConfiguration;
			buildSettings = {
				ASSETCATALOG_COMPILER_APPICON_NAME = AppIcon;
				ASSETCATALOG_COMPILER_LAUNCHIMAGE_NAME = LaunchImage;
				GCC_PRECOMPILE_PREFIX_HEADER = YES;
				GCC_PREFIX_HEADER = "iOS-FtoC/iOS-FtoC-Prefix.pch";
				INFOPLIST_FILE = "iOS-FtoC/iOS-FtoC-Info.plist";
				PRODUCT_NAME = "$(TARGET_NAME)";
				WRAPPER_EXTENSION = app;
			};
			name = Debug;
		};
		1E85AD12190AA34700939748 /* Release */ = {
			isa = XCBuildConfiguration;
			buildSettings = {
				ASSETCATALOG_COMPILER_APPICON_NAME = AppIcon;
				ASSETCATALOG_COMPILER_LAUNCHIMAGE_NAME = LaunchImage;
				GCC_PRECOMPILE_PREFIX_HEADER = YES;
				GCC_PREFIX_HEADER = "iOS-FtoC/iOS-FtoC-Prefix.pch";
				INFOPLIST_FILE = "iOS-FtoC/iOS-FtoC-Info.plist";
				PRODUCT_NAME = "$(TARGET_NAME)";
				WRAPPER_EXTENSION = app;
			};
			name = Release;
		};
		1E85AD14190AA34700939748 /* Debug */ = {
			isa = XCBuildConfiguration;
			buildSettings = {
				BUNDLE_LOADER = "$(BUILT_PRODUCTS_DIR)/iOS-FtoC.app/iOS-FtoC";
				FRAMEWORK_SEARCH_PATHS = (
					"$(SDKROOT)/Developer/Library/Frameworks",
					"$(inherited)",
					"$(DEVELOPER_FRAMEWORKS_DIR)",
				);
				GCC_PRECOMPILE_PREFIX_HEADER = YES;
				GCC_PREFIX_HEADER = "iOS-FtoC/iOS-FtoC-Prefix.pch";
				GCC_PREPROCESSOR_DEFINITIONS = (
					"DEBUG=1",
					"$(inherited)",
				);
				INFOPLIST_FILE = "iOS-FtoCTests/iOS-FtoCTests-Info.plist";
				PRODUCT_NAME = "$(TARGET_NAME)";
				TEST_HOST = "$(BUNDLE_LOADER)";
				WRAPPER_EXTENSION = xctest;
			};
			name = Debug;
		};
		1E85AD15190AA34700939748 /* Release */ = {
			isa = XCBuildConfiguration;
			buildSettings = {
				BUNDLE_LOADER = "$(BUILT_PRODUCTS_DIR)/iOS-FtoC.app/iOS-FtoC";
				FRAMEWORK_SEARCH_PATHS = (
					"$(SDKROOT)/Developer/Library/Frameworks",
					"$(inherited)",
					"$(DEVELOPER_FRAMEWORKS_DIR)",
				);
				GCC_PRECOMPILE_PREFIX_HEADER = YES;
				GCC_PREFIX_HEADER = "iOS-FtoC/iOS-FtoC-Prefix.pch";
				INFOPLIST_FILE = "iOS-FtoCTests/iOS-FtoCTests-Info.plist";
				PRODUCT_NAME = "$(TARGET_NAME)";
				TEST_HOST = "$(BUNDLE_LOADER)";
				WRAPPER_EXTENSION = xctest;
			};
			name = Release;
		};
/* End XCBuildConfiguration section */

/* Begin XCConfigurationList section */
		1E85ACD9190AA34700939748 /* Build configuration list for PBXProject "iOS-FtoC" */ = {
			isa = XCConfigurationList;
			buildConfigurations = (
				1E85AD0E190AA34700939748 /* Debug */,
				1E85AD0F190AA34700939748 /* Release */,
			);
			defaultConfigurationIsVisible = 0;
			defaultConfigurationName = Release;
		};
		1E85AD10190AA34700939748 /* Build configuration list for PBXNativeTarget "iOS-FtoC" */ = {
			isa = XCConfigurationList;
			buildConfigurations = (
				1E85AD11190AA34700939748 /* Debug */,
				1E85AD12190AA34700939748 /* Release */,
			);
			defaultConfigurationIsVisible = 0;
			defaultConfigurationName = Release;
		};
		1E85AD13190AA34700939748 /* Build configuration list for PBXNativeTarget "iOS-FtoCTests" */ = {
			isa = XCConfigurationList;
			buildConfigurations = (
				1E85AD14190AA34700939748 /* Debug */,
				1E85AD15190AA34700939748 /* Release */,
			);
			defaultConfigurationIsVisible = 0;
			defaultConfigurationName = Release;
		};
/* End XCConfigurationList section */
	};
	rootObject = 1E85ACD6190AA34700939748 /* Project object */;
}
